
Microsoft Visual Studio Solution File, Format Version 12.00
# Visual Studio 14
VisualStudioVersion = 14.0.25420.1
MinimumVisualStudioVersion = 10.0.40219.1
Project("{2150E333-8FDC-42A3-9474-1A3956D46DE8}") = "Strategies", "Strategies", "{9C3BAE2D-F4CD-4735-8264-C562099A671A}"
EndProject
Project("{2150E333-8FDC-42A3-9474-1A3956D46DE8}") = "Plugins", "Plugins", "{4C8AE01F-92C5-4F85-BD3D-C29FD35412D0}"
EndProject
Project("{2150E333-8FDC-42A3-9474-1A3956D46DE8}") = "Cores", "Cores", "{D1D72828-0CD0-4C91-A215-115B6563440B}"
EndProject
Project("{2150E333-8FDC-42A3-9474-1A3956D46DE8}") = "Web", "Web", "{5477D2B0-F633-4335-B0EC-F259D70BAAFD}"
EndProject
Project("{FAE04EC0-301F-11D3-BF4B-00C04F79EFBC}") = "Z2.Web", "Z2.Web\Z2.Web.csproj", "{A0FFCA67-E8F9-4D79-BC4B-84ACF8EE9AF1}"
EndProject
Project("{2150E333-8FDC-42A3-9474-1A3956D46DE8}") = "Domain", "Domain", "{843D9A9A-71AD-4EC5-9A95-AC10E0A57B11}"
EndProject
Project("{FAE04EC0-301F-11D3-BF4B-00C04F79EFBC}") = "Z2.Repository", "Z2.Repository\Z2.Repository.csproj", "{CBA970E6-EE69-470C-8633-5284EBBFEB4E}"
EndProject
Project("{FAE04EC0-301F-11D3-BF4B-00C04F79EFBC}") = "Z2.Model", "Z2.Model\Z2.Model.csproj", "{FEA5CC09-BF51-4F6C-A032-7915AF97AE7F}"
EndProject
Project("{FAE04EC0-301F-11D3-BF4B-00C04F79EFBC}") = "Z2.WebAPI", "Z2.WebAPI\Z2.WebAPI.csproj", "{15E247C1-7CAE-4DC0-932C-CE9CB3504912}"
EndProject
Project("{FAE04EC0-301F-11D3-BF4B-00C04F79EFBC}") = "Z2.Core", "Z2.Core\Z2.Core.csproj", "{673A42E3-D3CD-4461-BCFF-5FE415D307E7}"
EndProject
Global
	GlobalSection(SolutionConfigurationPlatforms) = preSolution
		Debug|Any CPU = Debug|Any CPU
		Release|Any CPU = Release|Any CPU
	EndGlobalSection
	GlobalSection(ProjectConfigurationPlatforms) = postSolution
		{A0FFCA67-E8F9-4D79-BC4B-84ACF8EE9AF1}.Debug|Any CPU.ActiveCfg = Debug|Any CPU
		{A0FFCA67-E8F9-4D79-BC4B-84ACF8EE9AF1}.Debug|Any CPU.Build.0 = Debug|Any CPU
		{A0FFCA67-E8F9-4D79-BC4B-84ACF8EE9AF1}.Release|Any CPU.ActiveCfg = Release|Any CPU
		{A0FFCA67-E8F9-4D79-BC4B-84ACF8EE9AF1}.Release|Any CPU.Build.0 = Release|Any CPU
		{CBA970E6-EE69-470C-8633-5284EBBFEB4E}.Debug|Any CPU.ActiveCfg = Debug|Any CPU
		{CBA970E6-EE69-470C-8633-5284EBBFEB4E}.Debug|Any CPU.Build.0 = Debug|Any CPU
		{CBA970E6-EE69-470C-8633-5284EBBFEB4E}.Release|Any CPU.ActiveCfg = Release|Any CPU
		{CBA970E6-EE69-470C-8633-5284EBBFEB4E}.Release|Any CPU.Build.0 = Release|Any CPU
		{FEA5CC09-BF51-4F6C-A032-7915AF97AE7F}.Debug|Any CPU.ActiveCfg = Debug|Any CPU
		{FEA5CC09-BF51-4F6C-A032-7915AF97AE7F}.Debug|Any CPU.Build.0 = Debug|Any CPU
		{FEA5CC09-BF51-4F6C-A032-7915AF97AE7F}.Release|Any CPU.ActiveCfg = Release|Any CPU
		{FEA5CC09-BF51-4F6C-A032-7915AF97AE7F}.Release|Any CPU.Build.0 = Release|Any CPU
		{15E247C1-7CAE-4DC0-932C-CE9CB3504912}.Debug|Any CPU.ActiveCfg = Debug|Any CPU
		{15E247C1-7CAE-4DC0-932C-CE9CB3504912}.Debug|Any CPU.Build.0 = Debug|Any CPU
		{15E247C1-7CAE-4DC0-932C-CE9CB3504912}.Release|Any CPU.ActiveCfg = Release|Any CPU
		{15E247C1-7CAE-4DC0-932C-CE9CB3504912}.Release|Any CPU.Build.0 = Release|Any CPU
		{673A42E3-D3CD-4461-BCFF-5FE415D307E7}.Debug|Any CPU.ActiveCfg = Debug|Any CPU
		{673A42E3-D3CD-4461-BCFF-5FE415D307E7}.Debug|Any CPU.Build.0 = Debug|Any CPU
		{673A42E3-D3CD-4461-BCFF-5FE415D307E7}.Release|Any CPU.ActiveCfg = Release|Any CPU
		{673A42E3-D3CD-4461-BCFF-5FE415D307E7}.Release|Any CPU.Build.0 = Release|Any CPU
	EndGlobalSection
	GlobalSection(SolutionProperties) = preSolution
		HideSolutionNode = FALSE
	EndGlobalSection
	GlobalSection(NestedProjects) = preSolution
		{A0FFCA67-E8F9-4D79-BC4B-84ACF8EE9AF1} = {5477D2B0-F633-4335-B0EC-F259D70BAAFD}
		{CBA970E6-EE69-470C-8633-5284EBBFEB4E} = {843D9A9A-71AD-4EC5-9A95-AC10E0A57B11}
		{FEA5CC09-BF51-4F6C-A032-7915AF97AE7F} = {843D9A9A-71AD-4EC5-9A95-AC10E0A57B11}
		{15E247C1-7CAE-4DC0-932C-CE9CB3504912} = {5477D2B0-F633-4335-B0EC-F259D70BAAFD}
		{673A42E3-D3CD-4461-BCFF-5FE415D307E7} = {D1D72828-0CD0-4C91-A215-115B6563440B}
	EndGlobalSection
EndGlobal
